
Microsoft Visual Studio Solution File, Format Version 12.00
# Visual Studio 15
VisualStudioVersion = 15.0.27130.2024
MinimumVisualStudioVersion = 10.0.40219.1
Project("{FAE04EC0-301F-11D3-BF4B-00C04F79EFBC}") = "0203", "0203\0203.csproj", "{43C12378-A4B0-4404-966D-F18CEC9698B8}"
EndProject
Project("{FAE04EC0-301F-11D3-BF4B-00C04F79EFBC}") = "0203__01", "0203__01\0203__01.csproj", "{486732AF-31DC-43E1-A766-1AFD997C88A8}"
EndProject
Project("{FAE04EC0-301F-11D3-BF4B-00C04F79EFBC}") = "0203_01_2", "0203_01_2\0203_01_2.csproj", "{6691ED8A-4000-49EF-9C5B-4CC109D5628F}"
EndProject
Project("{FAE04EC0-301F-11D3-BF4B-00C04F79EFBC}") = "2_1", "2_1\2_1.csproj", "{52BACFC2-AAB0-4738-A4EE-851C92B0A6C6}"
EndProject
Project("{FAE04EC0-301F-11D3-BF4B-00C04F79EFBC}") = "2_2", "2_2\2_2.csproj", "{2AAC04EE-6115-452B-90C4-5EB96204BFB8}"
EndProject
Project("{FAE04EC0-301F-11D3-BF4B-00C04F79EFBC}") = "3_1", "3_1\3_1.csproj", "{96671B04-7C55-4B0B-91B6-1BA1E1390E2D}"
EndProject
Project("{FAE04EC0-301F-11D3-BF4B-00C04F79EFBC}") = "3_1_1", "3_1_1\3_1_1.csproj", "{BE8D1986-81B5-4F1A-97B7-D63C2BA50D0D}"
EndProject
Project("{FAE04EC0-301F-11D3-BF4B-00C04F79EFBC}") = "4", "4\4.csproj", "{BD7BAC45-A777-4F1B-8E76-6160E4945564}"
EndProject
Project("{FAE04EC0-301F-11D3-BF4B-00C04F79EFBC}") = "5", "5\5.csproj", "{65E18815-B427-4AF3-9421-3C83A1085763}"
EndProject
Project("{FAE04EC0-301F-11D3-BF4B-00C04F79EFBC}") = "5_if", "5_if\5_if.csproj", "{A660C426-4CD4-4E52-ACBF-4DD4BB00CEB5}"
EndProject
Project("{FAE04EC0-301F-11D3-BF4B-00C04F79EFBC}") = "00000", "00000\00000.csproj", "{78B7E74E-629D-4551-9C15-A9D40CBD08D0}"
EndProject
Project("{FAE04EC0-301F-11D3-BF4B-00C04F79EFBC}") = "02080000", "02080000\02080000.csproj", "{EA8A09B7-0686-4BDE-B884-14C82A7DE698}"
EndProject
Global
	GlobalSection(SolutionConfigurationPlatforms) = preSolution
		Debug|Any CPU = Debug|Any CPU
		Release|Any CPU = Release|Any CPU
	EndGlobalSection
	GlobalSection(ProjectConfigurationPlatforms) = postSolution
		{43C12378-A4B0-4404-966D-F18CEC9698B8}.Debug|Any CPU.ActiveCfg = Debug|Any CPU
		{43C12378-A4B0-4404-966D-F18CEC9698B8}.Debug|Any CPU.Build.0 = Debug|Any CPU
		{43C12378-A4B0-4404-966D-F18CEC9698B8}.Release|Any CPU.ActiveCfg = Release|Any CPU
		{43C12378-A4B0-4404-966D-F18CEC9698B8}.Release|Any CPU.Build.0 = Release|Any CPU
		{486732AF-31DC-43E1-A766-1AFD997C88A8}.Debug|Any CPU.ActiveCfg = Debug|Any CPU
		{486732AF-31DC-43E1-A766-1AFD997C88A8}.Debug|Any CPU.Build.0 = Debug|Any CPU
		{486732AF-31DC-43E1-A766-1AFD997C88A8}.Release|Any CPU.ActiveCfg = Release|Any CPU
		{486732AF-31DC-43E1-A766-1AFD997C88A8}.Release|Any CPU.Build.0 = Release|Any CPU
		{6691ED8A-4000-49EF-9C5B-4CC109D5628F}.Debug|Any CPU.ActiveCfg = Debug|Any CPU
		{6691ED8A-4000-49EF-9C5B-4CC109D5628F}.Debug|Any CPU.Build.0 = Debug|Any CPU
		{6691ED8A-4000-49EF-9C5B-4CC109D5628F}.Release|Any CPU.ActiveCfg = Release|Any CPU
		{6691ED8A-4000-49EF-9C5B-4CC109D5628F}.Release|Any CPU.Build.0 = Release|Any CPU
		{52BACFC2-AAB0-4738-A4EE-851C92B0A6C6}.Debug|Any CPU.ActiveCfg = Debug|Any CPU
		{52BACFC2-AAB0-4738-A4EE-851C92B0A6C6}.Debug|Any CPU.Build.0 = Debug|Any CPU
		{52BACFC2-AAB0-4738-A4EE-851C92B0A6C6}.Release|Any CPU.ActiveCfg = Release|Any CPU
		{52BACFC2-AAB0-4738-A4EE-851C92B0A6C6}.Release|Any CPU.Build.0 = Release|Any CPU
		{2AAC04EE-6115-452B-90C4-5EB96204BFB8}.Debug|Any CPU.ActiveCfg = Debug|Any CPU
		{2AAC04EE-6115-452B-90C4-5EB96204BFB8}.Debug|Any CPU.Build.0 = Debug|Any CPU
		{2AAC04EE-6115-452B-90C4-5EB96204BFB8}.Release|Any CPU.ActiveCfg = Release|Any CPU
		{2AAC04EE-6115-452B-90C4-5EB96204BFB8}.Release|Any CPU.Build.0 = Release|Any CPU
		{96671B04-7C55-4B0B-91B6-1BA1E1390E2D}.Debug|Any CPU.ActiveCfg = Debug|Any CPU
		{96671B04-7C55-4B0B-91B6-1BA1E1390E2D}.Debug|Any CPU.Build.0 = Debug|Any CPU
		{96671B04-7C55-4B0B-91B6-1BA1E1390E2D}.Release|Any CPU.ActiveCfg = Release|Any CPU
		{96671B04-7C55-4B0B-91B6-1BA1E1390E2D}.Release|Any CPU.Build.0 = Release|Any CPU
		{BE8D1986-81B5-4F1A-97B7-D63C2BA50D0D}.Debug|Any CPU.ActiveCfg = Debug|Any CPU
		{BE8D1986-81B5-4F1A-97B7-D63C2BA50D0D}.Debug|Any CPU.Build.0 = Debug|Any CPU
		{BE8D1986-81B5-4F1A-97B7-D63C2BA50D0D}.Release|Any CPU.ActiveCfg = Release|Any CPU
		{BE8D1986-81B5-4F1A-97B7-D63C2BA50D0D}.Release|Any CPU.Build.0 = Release|Any CPU
		{BD7BAC45-A777-4F1B-8E76-6160E4945564}.Debug|Any CPU.ActiveCfg = Debug|Any CPU
		{BD7BAC45-A777-4F1B-8E76-6160E4945564}.Debug|Any CPU.Build.0 = Debug|Any CPU
		{BD7BAC45-A777-4F1B-8E76-6160E4945564}.Release|Any CPU.ActiveCfg = Release|Any CPU
		{BD7BAC45-A777-4F1B-8E76-6160E4945564}.Release|Any CPU.Build.0 = Release|Any CPU
		{65E18815-B427-4AF3-9421-3C83A1085763}.Debug|Any CPU.ActiveCfg = Debug|Any CPU
		{65E18815-B427-4AF3-9421-3C83A1085763}.Debug|Any CPU.Build.0 = Debug|Any CPU
		{65E18815-B427-4AF3-9421-3C83A1085763}.Release|Any CPU.ActiveCfg = Release|Any CPU
		{65E18815-B427-4AF3-9421-3C83A1085763}.Release|Any CPU.Build.0 = Release|Any CPU
		{A660C426-4CD4-4E52-ACBF-4DD4BB00CEB5}.Debug|Any CPU.ActiveCfg = Debug|Any CPU
		{A660C426-4CD4-4E52-ACBF-4DD4BB00CEB5}.Debug|Any CPU.Build.0 = Debug|Any CPU
		{A660C426-4CD4-4E52-ACBF-4DD4BB00CEB5}.Release|Any CPU.ActiveCfg = Release|Any CPU
		{A660C426-4CD4-4E52-ACBF-4DD4BB00CEB5}.Release|Any CPU.Build.0 = Release|Any CPU
		{78B7E74E-629D-4551-9C15-A9D40CBD08D0}.Debug|Any CPU.ActiveCfg = Debug|Any CPU
		{78B7E74E-629D-4551-9C15-A9D40CBD08D0}.Debug|Any CPU.Build.0 = Debug|Any CPU
		{78B7E74E-629D-4551-9C15-A9D40CBD08D0}.Release|Any CPU.ActiveCfg = Release|Any CPU
		{78B7E74E-629D-4551-9C15-A9D40CBD08D0}.Release|Any CPU.Build.0 = Release|Any CPU
		{EA8A09B7-0686-4BDE-B884-14C82A7DE698}.Debug|Any CPU.ActiveCfg = Debug|Any CPU
		{EA8A09B7-0686-4BDE-B884-14C82A7DE698}.Debug|Any CPU.Build.0 = Debug|Any CPU
		{EA8A09B7-0686-4BDE-B884-14C82A7DE698}.Release|Any CPU.ActiveCfg = Release|Any CPU
		{EA8A09B7-0686-4BDE-B884-14C82A7DE698}.Release|Any CPU.Build.0 = Release|Any CPU
	EndGlobalSection
	GlobalSection(SolutionProperties) = preSolution
		HideSolutionNode = FALSE
	EndGlobalSection
	GlobalSection(ExtensibilityGlobals) = postSolution
		SolutionGuid = {520A8E1A-C0A7-4A99-BF9C-1E3FA19EF35E}
	EndGlobalSection
EndGlobal
